github.com/DataDog/zstd v1.4.1/go.mod h1:1jcaCB/ufaK+sKp1NBhlGmpz41jOoPQ35bpF36t7BBo=
github.com/GeertJohan/go.incremental v1.0.0/go.mod h1:6fAjUhbVuX1KcMD3c8TEgVUqmo4seqhv0i0kdATSkM0=
github.com/GeertJohan/go.rice v1.0.2/go.mod h1:af5vUNlDNkCjOZeSGFgIJxDje9qdjsO6hshx0gTmZt4=
github.com/Sereal/Sereal v0.0.0-20190618215532-0b8ac451a863/go.mod h1:D0JMgToj/WdxCgd30Kc1UcA9E+WdZoJqeVOuYW7iTBM=
github.com/akavel/rsrc v0.8.0/go.mod h1:uLoCtb9J+EyAqh+26kdrTgmzRBFPGOolLWKpdxkKq+c=
github.com/asdine/storm/v3 v3.2.1 h1:I5AqhkPK6nBZ/qJXySdI7ot5BlXSZ7qvDY1zAn5ZJac=
github.com/asdine/storm/v3 v3.2.1/go.mod h1:LEpXwGt4pIqrE/XcTvCnZHT5MgZCV6Ub9q7yQzOFWr0=
github.com/daaku/go.zipexe v1.0.0/go.mod h1:z8IiR6TsVLEYKwXAoE/I+8ys/sDkgTzSL0CLnGVd57E=
github.com/davecgh/go-spew v1.1.1/go.mod h1:J7Y8YcW2NihsgmVo/mv3lAwl/skON4iLHjSsI+c5H38=
github.com/golang/protobuf v1.3.1/go.mod h1:6lQm79b+lXiMfvg/cZm0SGofjICqVBUtrP5yJMmIC1U=
github.com/golang/protobuf v1.3.2/go.mod h1:6lQm79b+lXiMfvg/cZm0SGofjICqVBUtrP5yJMmIC1U=
github.com/golang/snappy v0.0.1/go.mod h1:/XxbfmMg8lxefKM7IXC3fBNl/7bRcc72aCRzEWrmP2Q=
github.com/gorilla/mux v1.8.0 h1:i40aqfkR1h2SlN9hojwV5ZA91wcXFOvkdNIeFDP5koI=
github.com/gorilla/mux v1.8.0/go.mod h1:DVbg23sWSpFRCP0SfiEN6jmj59UnW/n46BH5rLB71So=
github.com/jessevdk/go-flags v1.4.0/go.mod h1:4FA24M0QyGHXBuZZK/XkWh8h0e1EYbRYJSGM75WSRxI=
github.com/kirsle/configdir v0.0.0-20170128060238-e45d2f54772f h1:dKccXx7xA56UNqOcFIbuqFjAWPVtP688j5QMgmo6OHU=
github.com/kirsle/configdir v0.0.0-20170128060238-e45d2f54772f/go.mod h1:4rEELDSfUAlBSyUjPG0JnaNGjf13JySHFeRdD/3dLP0=
github.com/kr/pretty v0.1.0/go.mod h1:dAy3ld7l9f0ibDNOQOHHMYYIIbhfbHSm3C4ZsoJORNo=
github.com/kr/pty v1.1.1/go.mod h1:pFQYn66WHrOpPYNljwOMqo10TkYh1fy3cYio2l3bCsQ=
github.com/kr/text v0.1.0/go.mod h1:4Jbv+DJW3UT/LiOwJeYQe1efqtUx/iVham/4vfdArNI=
github.com/nkovacs/streamquote v1.0.0/go.mod h1:BN+NaZ2CmdKqUuTUXUEm9j95B2TRbpOWpxbJYzzgUsc=
github.com/pmezard/go-difflib v1.0.0/go.mod h1:iKH77koFhYxTK1pcRnkKkqfTogsbg7gZNVY4sRDYZ/4=
github.com/rob121/broadlinkgo v0.0.0-20210528160743-7c58e6a86bd0 h1:z1PJtO0Hsac0E8iSOMage9KY1R7FWAwJLxzkF7Q9Zoc=
github.com/rob121/broadlinkgo v0.0.0-20210528160743-7c58e6a86bd0/go.mod h1:HuHFxEtXWUS/pdADdsYKmecgSjkNSrHiWiqwN4NB4ls=
github.com/speps/go-hashids/v2 v2.0.1 h1:ViWOEqWES/pdOSq+C1SLVa8/Tnsd52XC34RY7lt7m4g=
github.com/speps/go-hashids/v2 v2.0.1/go.mod h1:47LKunwvDZki/uRVD6NImtyk712yFzIs3UF3KlHohGw=
github.com/stretchr/testify v1.2.2/go.mod h1:a8OnRcib4nhh0OaRAV+Yts87kKdq0PP7pXfy6kDkUVs=
github.com/teris-io/shortid v0.0.0-20201117134242-e59966efd125 h1:3SNcvBmEPE1YlB1JpVZouslJpI3GBNoiqW7+wb0Rz7w=
github.com/teris-io/shortid v0.0.0-20201117134242-e59966efd125/go.mod h1:M8agBzgqHIhgj7wEn9/0hJUZcrvt9VY+Ln+S1I5Mha0=
github.com/valyala/bytebufferpool v1.0.0/go.mod h1:6bBcMArwyJ5K/AmCkWv1jt77kVWyCJ6HpOuEn7z0Csc=
github.com/valyala/fasttemplate v1.0.1/go.mod h1:UQGH1tvbgY+Nz5t2n7tXsz52dQxojPUpymEIMZ47gx8=
github.com/vmihailenco/msgpack v4.0.4+incompatible/go.mod h1:fy3FlTQTDXWkZ7Bh6AcGMlsjHatGryHQYUTf1ShIgkk=
go.etcd.io/bbolt v1.3.4 h1:hi1bXHMVrlQh6WwxAy+qZCV/SYIlqo+Ushwdpa4tAKg=
go.etcd.io/bbolt v1.3.4/go.mod h1:G5EMThwa9y8QZGBClrRx5EY+Yw9kAhnjy3bSjsnlVTQ=
golang.org/x/crypto v0.0.0-20190308221718-c2843e01d9a2/go.mod h1:djNgcEr1/C05ACkg1iLfiJU5Ep61QUkGW8qpdssI0+w=
golang.org/x/net v0.0.0-20190603091049-60506f45cf65/go.mod h1:HSz+uSET+XFnRR8LxR5pz3Of3rY3CfYBVs4xY44aLks=
golang.org/x/net v0.0.0-20191105084925-a882066a44e0/go.mod h1:z5CRVTTTmAJ677TzLLGU+0bjPO0LkuOLi4/5GtJWs/s=
golang.org/x/sys v0.0.0-20190215142949-d0b11bdaac8a/go.mod h1:STP8DvDyc/dI5b8T5hshtkjS+E42TnysNCUPdjciGhY=
golang.org/x/sys v0.0.0-20200202164722-d101bd2416d5 h1:LfCXLvNmTYH9kEmVgqbnsWfruoXZIrh4YBgqVHtDvw0=
golang.org/x/sys v0.0.0-20200202164722-d101bd2416d5/go.mod h1:h1NjWce9XRLGQEsW7wpKNCjG9DtNlClVuFLEZdDNbEs=
golang.org/x/text v0.3.0/go.mod h1:NqM8EUOU14njkJ3fqMW+pc6Ldnwhi/IjpwHt7yyuwOQ=
golang.org/x/text v0.3.2/go.mod h1:bEr9sfX3Q8Zfm5fL9x+3itogRgK3+ptLWKqgva+5dAk=
golang.org/x/tools v0.0.0-20180917221912-90fa682c2a6e/go.mod h1:n7NCudcB/nEzxVGmLbDWY5pfWTLqBcC2KZ6jyYvM4mQ=
google.golang.org/appengine v1.6.5/go.mod h1:8WjMMxjGQR8xUklV/ARdw2HLXBOI7O7uCIDZVag1xfc=
gopkg.in/check.v1 v1.0.0-20190902080502-41f04d3bba15/go.mod h1:Co6ibVJAznAaIkqp8huTwlJQCZ016jof/cbN4VW5Yz0=
